// !$*UTF8*$!
{
	archiveVersion = 1;
	classes = {
	};
	objectVersion = 39;
	objects = {
		080E96DDFE201D6D7F000001 = {
			children = (
				3CA52CDC046F723E00A801FE,
				3CA52CDD046F723E00A801FE,
			);
			isa = PBXGroup;
			name = Classes;
			refType = 4;
			sourceTree = "<group>";
		};
		089C165CFE840E0CC02AAC07 = {
			children = (
				089C165DFE840E0CC02AAC07,
			);
			isa = PBXVariantGroup;
			name = InfoPlist.strings;
			refType = 4;
			sourceTree = "<group>";
		};
		089C165DFE840E0CC02AAC07 = {
			expectedFileType = text.plist.strings;
			fileEncoding = 10;
			isa = PBXFileReference;
			name = English;
			path = English.lproj/InfoPlist.strings;
			refType = 4;
			sourceTree = "<group>";
		};
		089C165EFE840E0CC02AAC07 = {
			fileRef = 089C165CFE840E0CC02AAC07;
			isa = PBXBuildFile;
			settings = {
			};
		};
//080
//081
//082
//083
//084
//100
//101
//102
//103
//104
		1058C7A0FEA54F0111CA2CBB = {
			children = (
				1058C7A1FEA54F0111CA2CBB,
				3CA52CEC046F72CC00A801FE,
				3CA52CEE046F72CC00A801FE,
				3CA52CF2046F72D600A801FE,
			);
			isa = PBXGroup;
			name = "Linked Frameworks";
			refType = 4;
			sourceTree = "<group>";
		};
		1058C7A1FEA54F0111CA2CBB = {
			expectedFileType = wrapper.framework;
			fallbackIsa = PBXFileReference;
			isa = PBXFrameworkReference;
			name = Cocoa.framework;
			path = /System/Library/Frameworks/Cocoa.framework;
			refType = 0;
			sourceTree = "<absolute>";
		};
		1058C7A2FEA54F0111CA2CBB = {
			children = (
				29B97325FDCFA39411CA2CEA,
				29B97324FDCFA39411CA2CEA,
			);
			isa = PBXGroup;
			name = "Other Frameworks";
			refType = 4;
			sourceTree = "<group>";
		};
		1058C7A3FEA54F0111CA2CBB = {
			fileRef = 1058C7A1FEA54F0111CA2CBB;
			isa = PBXBuildFile;
			settings = {
			};
		};
//100
//101
//102
//103
//104
//170
//171
//172
//173
//174
		17587328FF379C6511CA2CBB = {
			expectedFileType = wrapper.application;
			fallbackIsa = PBXFileReference;
			isa = PBXApplicationReference;
			path = EnvMapping.app;
			refType = 3;
			sourceTree = BUILT_PRODUCTS_DIR;
		};
//170
//171
//172
//173
//174
//190
//191
//192
//193
//194
		19C28FACFE9D520D11CA2CBB = {
			children = (
				17587328FF379C6511CA2CBB,
			);
			isa = PBXGroup;
			name = Products;
			refType = 4;
			sourceTree = "<group>";
		};
//190
//191
//192
//193
//194
//290
//291
//292
//293
//294
		29B97313FDCFA39411CA2CEA = {
			buildSettings = {
			};
			buildStyles = (
				4A9504CCFFE6A4B311CA0CBA,
				4A9504CDFFE6A4B311CA0CBA,
			);
			hasScannedForEncodings = 1;
			isa = PBXProject;
			mainGroup = 29B97314FDCFA39411CA2CEA;
			projectDirPath = "";
			targets = (
				29B97326FDCFA39411CA2CEA,
			);
		};
		29B97314FDCFA39411CA2CEA = {
			children = (
				080E96DDFE201D6D7F000001,
				29B97315FDCFA39411CA2CEA,
				29B97317FDCFA39411CA2CEA,
				29B97323FDCFA39411CA2CEA,
				19C28FACFE9D520D11CA2CBB,
			);
			isa = PBXGroup;
			name = EnvMapping;
			path = "";
			refType = 4;
			sourceTree = "<group>";
		};
		29B97315FDCFA39411CA2CEA = {
			children = (
				3CA52CE0046F728D00A801FE,
				3CA52CE2046F729B00A801FE,
				3CA52CE4046F72B800A801FE,
				3CA52CE5046F72B800A801FE,
			);
			isa = PBXGroup;
			name = "Other Sources";
			path = "";
			refType = 4;
			sourceTree = "<group>";
		};
		29B97317FDCFA39411CA2CEA = {
			children = (
				66CD7CD404A11C3D000001C9,
				66CD7CD504A11C3D000001C9,
				089C165CFE840E0CC02AAC07,
			);
			isa = PBXGroup;
			name = Resources;
			path = "";
			refType = 4;
			sourceTree = "<group>";
		};
		29B97323FDCFA39411CA2CEA = {
			children = (
				1058C7A0FEA54F0111CA2CBB,
				1058C7A2FEA54F0111CA2CBB,
			);
			isa = PBXGroup;
			name = Frameworks;
			path = "";
			refType = 4;
			sourceTree = "<group>";
		};
		29B97324FDCFA39411CA2CEA = {
			expectedFileType = wrapper.framework;
			fallbackIsa = PBXFileReference;
			isa = PBXFrameworkReference;
			name = AppKit.framework;
			path = /System/Library/Frameworks/AppKit.framework;
			refType = 0;
			sourceTree = "<absolute>";
		};
		29B97325FDCFA39411CA2CEA = {
			expectedFileType = wrapper.framework;
			fallbackIsa = PBXFileReference;
			isa = PBXFrameworkReference;
			name = Foundation.framework;
			path = /System/Library/Frameworks/Foundation.framework;
			refType = 0;
			sourceTree = "<absolute>";
		};
		29B97326FDCFA39411CA2CEA = {
			buildPhases = (
				29B97327FDCFA39411CA2CEA,
				29B97328FDCFA39411CA2CEA,
				29B9732BFDCFA39411CA2CEA,
				29B9732DFDCFA39411CA2CEA,
				3CA52D15046F72E700A801FE,
			);
			buildSettings = {
				FRAMEWORK_SEARCH_PATHS = "../../../Frameworks ../../OgreFramework/build";
				HEADER_SEARCH_PATHS = ../../OgreFramework/build/Ogre.framework/Versions/A/Headers;
				INSTALL_PATH = "$(HOME)/Applications";
				LIBRARY_SEARCH_PATHS = "";
				OTHER_CFLAGS = "";
				OTHER_LDFLAGS = "";
				PRECOMPILE_PREFIX_HEADER = YES;
				PRODUCT_NAME = EnvMapping;
				SECTORDER_FLAGS = "";
				WARNING_CFLAGS = "-Wmost -Wno-four-char-constants -Wno-unknown-pragmas";
				WRAPPER_EXTENSION = app;
			};
			dependencies = (
			);
			isa = PBXApplicationTarget;
			name = EnvMapping;
			productInstallPath = "$(HOME)/Applications";
			productName = EnvMapping;
			productReference = 17587328FF379C6511CA2CBB;
			productSettingsXML = "<?xml version=\"1.0\" encoding=\"UTF-8\"?>
<!DOCTYPE plist PUBLIC \"-//Apple Computer//DTD PLIST 1.0//EN\" \"http://www.apple.com/DTDs/PropertyList-1.0.dtd\">
<plist version=\"1.0\">
<dict>
	<key>CFBundleDevelopmentRegion</key>
	<string>English</string>
	<key>CFBundleExecutable</key>
	<string>EnvMapping</string>
	<key>CFBundleIconFile</key>
	<string></string>
	<key>CFBundleInfoDictionaryVersion</key>
	<string>6.0</string>
	<key>CFBundlePackageType</key>
	<string>APPL</string>
	<key>CFBundleSignature</key>
	<string>????</string>
	<key>CFBundleVersion</key>
	<string>0.1</string>
	<key>NSMainNibFile</key>
	<string>MainMenu</string>
	<key>NSPrincipalClass</key>
	<string>NSApplication</string>
</dict>
</plist>
";
		};
		29B97327FDCFA39411CA2CEA = {
			buildActionMask = 2147483647;
			files = (
				3CA52CDE046F723E00A801FE,
				3CA52CE3046F729B00A801FE,
				3CA52CE6046F72B800A801FE,
				3CA52CE7046F72B800A801FE,
			);
			isa = PBXHeadersBuildPhase;
			runOnlyForDeploymentPostprocessing = 0;
		};
		29B97328FDCFA39411CA2CEA = {
			buildActionMask = 2147483647;
			files = (
				089C165EFE840E0CC02AAC07,
				66CD7CD604A11C3D000001C9,
				66CD7CD704A11C3D000001C9,
			);
			isa = PBXResourcesBuildPhase;
			runOnlyForDeploymentPostprocessing = 0;
		};
		29B9732BFDCFA39411CA2CEA = {
			buildActionMask = 2147483647;
			files = (
				3CA52CDF046F723E00A801FE,
				3CA52CE1046F728D00A801FE,
			);
			isa = PBXSourcesBuildPhase;
			runOnlyForDeploymentPostprocessing = 0;
		};
		29B9732DFDCFA39411CA2CEA = {
			buildActionMask = 2147483647;
			files = (
				1058C7A3FEA54F0111CA2CBB,
				3CA52CEF046F72CC00A801FE,
				3CA52CF1046F72CC00A801FE,
				3CA52CF3046F72D600A801FE,
			);
			isa = PBXFrameworksBuildPhase;
			runOnlyForDeploymentPostprocessing = 0;
		};
//290
//291
//292
//293
//294
//3C0
//3C1
//3C2
//3C3
//3C4
		3CA52CDC046F723E00A801FE = {
			expectedFileType = sourcecode.c.h;
			fileEncoding = 30;
			isa = PBXFileReference;
			name = SDLMain.h;
			path = ../../Classes/SDLMain.h;
			refType = 2;
			sourceTree = SOURCE_ROOT;
		};
		3CA52CDD046F723E00A801FE = {
			expectedFileType = sourcecode.c.objc;
			fileEncoding = 30;
			isa = PBXFileReference;
			name = SDLMain.m;
			path = ../../Classes/SDLMain.m;
			refType = 2;
			sourceTree = SOURCE_ROOT;
		};
		3CA52CDE046F723E00A801FE = {
			fileRef = 3CA52CDC046F723E00A801FE;
			isa = PBXBuildFile;
			settings = {
			};
		};
		3CA52CDF046F723E00A801FE = {
			fileRef = 3CA52CDD046F723E00A801FE;
			isa = PBXBuildFile;
			settings = {
			};
		};
		3CA52CE0046F728D00A801FE = {
			expectedFileType = sourcecode.cpp.cpp;
			fileEncoding = 30;
			isa = PBXFileReference;
			name = EnvMapping.cpp;
			path = ../../../../Samples/EnvMapping/src/EnvMapping.cpp;
			refType = 2;
			sourceTree = SOURCE_ROOT;
		};
		3CA52CE1046F728D00A801FE = {
			fileRef = 3CA52CE0046F728D00A801FE;
			isa = PBXBuildFile;
			settings = {
			};
		};
		3CA52CE2046F729B00A801FE = {
			expectedFileType = sourcecode.c.h;
			fileEncoding = 30;
			isa = PBXFileReference;
			name = EnvMapping.h;
			path = ../../../../Samples/EnvMapping/include/EnvMapping.h;
			refType = 2;
			sourceTree = SOURCE_ROOT;
		};
		3CA52CE3046F729B00A801FE = {
			fileRef = 3CA52CE2046F729B00A801FE;
			isa = PBXBuildFile;
			settings = {
			};
		};
		3CA52CE4046F72B800A801FE = {
			expectedFileType = sourcecode.c.h;
			fileEncoding = 30;
			isa = PBXFileReference;
			name = ExampleApplication.h;
			path = ../../../../Samples/Common/include/ExampleApplication.h;
			refType = 2;
			sourceTree = SOURCE_ROOT;
		};
		3CA52CE5046F72B800A801FE = {
			expectedFileType = sourcecode.c.h;
			fileEncoding = 30;
			isa = PBXFileReference;
			name = ExampleFrameListener.h;
			path = ../../../../Samples/Common/include/ExampleFrameListener.h;
			refType = 2;
			sourceTree = SOURCE_ROOT;
		};
		3CA52CE6046F72B800A801FE = {
			fileRef = 3CA52CE4046F72B800A801FE;
			isa = PBXBuildFile;
			settings = {
			};
		};
		3CA52CE7046F72B800A801FE = {
			fileRef = 3CA52CE5046F72B800A801FE;
			isa = PBXBuildFile;
			settings = {
			};
		};
		3CA52CEC046F72CC00A801FE = {
			expectedFileType = wrapper.framework;
			fallbackIsa = PBXFileReference;
			isa = PBXFrameworkReference;
			name = freetype.framework;
			path = ../../../Frameworks/freetype.framework;
			refType = 2;
			sourceTree = SOURCE_ROOT;
		};
		3CA52CEE046F72CC00A801FE = {
			expectedFileType = wrapper.framework;
			fallbackIsa = PBXFileReference;
			isa = PBXFrameworkReference;
			name = SDL.framework;
			path = ../../../Frameworks/SDL.framework;
			refType = 2;
			sourceTree = SOURCE_ROOT;
		};
		3CA52CEF046F72CC00A801FE = {
			fileRef = 3CA52CEC046F72CC00A801FE;
			isa = PBXBuildFile;
			settings = {
			};
		};
		3CA52CF1046F72CC00A801FE = {
			fileRef = 3CA52CEE046F72CC00A801FE;
			isa = PBXBuildFile;
			settings = {
			};
		};
		3CA52CF2046F72D600A801FE = {
			expectedFileType = wrapper.framework;
			fallbackIsa = PBXFileReference;
			isa = PBXFrameworkReference;
			name = Ogre.framework;
			path = ../../OgreFramework/build/Ogre.framework;
			refType = 2;
			sourceTree = SOURCE_ROOT;
		};
		3CA52CF3046F72D600A801FE = {
			fileRef = 3CA52CF2046F72D600A801FE;
			isa = PBXBuildFile;
			settings = {
			};
		};
		3CA52D15046F72E700A801FE = {
			buildActionMask = 2147483647;
			dstPath = "";
			dstSubfolderSpec = 10;
			files = (
				3CA52D1A046F72F800A801FE,
				3CA52D1C046F72F800A801FE,
				3CA52D1D046F72F800A801FE,
			);
			isa = PBXCopyFilesBuildPhase;
			runOnlyForDeploymentPostprocessing = 0;
		};
		3CA52D1A046F72F800A801FE = {
			fileRef = 3CA52CEC046F72CC00A801FE;
			isa = PBXBuildFile;
			settings = {
			};
		};
		3CA52D1C046F72F800A801FE = {
			fileRef = 3CA52CEE046F72CC00A801FE;
			isa = PBXBuildFile;
			settings = {
			};
		};
		3CA52D1D046F72F800A801FE = {
			fileRef = 3CA52CF2046F72D600A801FE;
			isa = PBXBuildFile;
			settings = {
			};
		};
//3C0
//3C1
//3C2
//3C3
//3C4
//4A0
//4A1
//4A2
//4A3
//4A4
		4A9504CCFFE6A4B311CA0CBA = {
			buildRules = (
			);
			buildSettings = {
				COPY_PHASE_STRIP = NO;
				GCC_DYNAMIC_NO_PIC = NO;
				GCC_ENABLE_FIX_AND_CONTINUE = YES;
				GCC_GENERATE_DEBUGGING_SYMBOLS = YES;
				GCC_OPTIMIZATION_LEVEL = 0;
				OPTIMIZATION_CFLAGS = "-O0";
				OTHER_CFLAGS = "-DDEBUG";
				ZERO_LINK = YES;
			};
			isa = PBXBuildStyle;
			name = Development;
		};
		4A9504CDFFE6A4B311CA0CBA = {
			buildRules = (
			);
			buildSettings = {
				COPY_PHASE_STRIP = YES;
				GCC_ENABLE_FIX_AND_CONTINUE = NO;
				ZERO_LINK = NO;
			};
			isa = PBXBuildStyle;
			name = Deployment;
		};
//4A0
//4A1
//4A2
//4A3
//4A4
//660
//661
//662
//663
//664
		66CD7CD404A11C3D000001C9 = {
			expectedFileType = text;
			fileEncoding = 30;
			isa = PBXFileReference;
			name = plugins.cfg;
			path = ../plugins.cfg;
			refType = 2;
			sourceTree = SOURCE_ROOT;
		};
		66CD7CD504A11C3D000001C9 = {
			expectedFileType = text;
			fileEncoding = 30;
			isa = PBXFileReference;
			name = resources.cfg;
			path = ../resources.cfg;
			refType = 2;
			sourceTree = SOURCE_ROOT;
		};
		66CD7CD604A11C3D000001C9 = {
			fileRef = 66CD7CD404A11C3D000001C9;
			isa = PBXBuildFile;
			settings = {
			};
		};
		66CD7CD704A11C3D000001C9 = {
			fileRef = 66CD7CD504A11C3D000001C9;
			isa = PBXBuildFile;
			settings = {
			};
		};
	};
	rootObject = 29B97313FDCFA39411CA2CEA;
}
