<?xml version="1.0" encoding="UTF-8" standalone="yes" ?>
<CodeBlocks_project_file>
	<FileVersion major="1" minor="4" />
	<Project>
		<Option title="PlatformManager_Win32" />
		<Option default_target="-1" />
		<Option compiler="gcc" />
		<Build>
			<Target title="Debug">
				<Option output="..\bin\Debug\OgrePlatform_d.dll" />
				<Option object_output="..\obj\Debug" />
				<Option external_deps="..\..\..\OgreMain\lib\Debug\OgreMain_d.dll;" />
				<Option type="3" />
				<Option compiler="gcc" />
				<Option includeInTargetAll="1" />
				<Compiler>
					<Add option="-g" />
					<Add option="-DWIN32" />
					<Add option="-D_DEBUG" />
					<Add option="-D_WINDOWS" />
					<Add option="-D_USRDLL" />
					<Add option="-D_STLP_DEBUG" />
				</Compiler>
				<Linker>
					<Add library="OgreMain_d" />
					<Add library="dxguid" />
					<Add library="dinput8" />
					<Add library="dinput" />
					<Add library="stlportstlg.5.0" />
				</Linker>
				<ExtraCommands>
					<Add after="cmd /c copy $($(TARGET_NAME)_OUTPUT_FILE) ..\..\..\Samples\Common\bin\$(TARGET_NAME)" />
				</ExtraCommands>
			</Target>
			<Target title="Release">
				<Option output="..\bin\Release\OgrePlatform.dll" />
				<Option object_output="..\obj\Release" />
				<Option external_deps="..\..\..\OgreMain\lib\Release\OgreMain.dll;" />
				<Option type="3" />
				<Option compiler="gcc" />
				<Option includeInTargetAll="1" />
				<Option projectIncludeDirsRelation="2" />
				<Compiler>
					<Add option="-O2" />
					<Add option="-DWIN32" />
					<Add option="-DNDEBUG" />
					<Add option="-D_WINDOWS" />
					<Add option="-D_USRDLL" />
				</Compiler>
				<Linker>
					<Add option="-s" />
					<Add library="OgreMain" />
					<Add library="dxguid" />
					<Add library="dinput8" />
					<Add library="dinput" />
					<Add library="stlport.5.0" />
				</Linker>
				<ExtraCommands>
					<Add after="cmd /c copy $($(TARGET_NAME)_OUTPUT_FILE) ..\..\..\Samples\Common\bin\$(TARGET_NAME)" />
				</ExtraCommands>
			</Target>
		</Build>
		<Compiler>
			<Add option="-Wall" />
			<Add option="-mthreads" />
			<Add option="-fmessage-length=0" />
			<Add option="-fexceptions" />
			<Add option="-fident" />
			<Add option="-D_STLP_NO_CUSTOM_IO" />
			<Add option="-D_STLP_USE_DYNAMIC_LIB" />
			<Add directory="$(#STLPORT_DIR)\stlport" />
			<Add directory="..\include" />
			<Add directory="..\..\..\OgreMain\include" />
		</Compiler>
		<ResourceCompiler>
			<Add directory="..\include" />
			<Add directory="..\misc" />
		</ResourceCompiler>
		<Linker>
			<Add option="-Wl,--enable-auto-image-base" />
			<Add option="-Wl,--add-stdcall-alias" />
			<Add directory="..\..\..\Samples\Common\bin\$(TARGET_NAME)" />
		</Linker>
		<Unit filename="..\include\OgreWin32ConfigDialog.h">
			<Option compilerVar="CPP" />
			<Option compile="0" />
			<Option link="0" />
			<Option target="Debug" />
			<Option target="Release" />
		</Unit>
		<Unit filename="..\include\OgreWin32ErrorDialog.h">
			<Option compilerVar="CPP" />
			<Option compile="0" />
			<Option link="0" />
			<Option target="Debug" />
			<Option target="Release" />
		</Unit>
		<Unit filename="..\include\OgreWin32Input.h">
			<Option compilerVar="CPP" />
			<Option compile="0" />
			<Option link="0" />
			<Option target="Debug" />
			<Option target="Release" />
		</Unit>
		<Unit filename="..\include\OgreWin32Input8.h">
			<Option compilerVar="CPP" />
			<Option compile="0" />
			<Option link="0" />
			<Option target="Debug" />
			<Option target="Release" />
		</Unit>
		<Unit filename="..\include\OgreWin32Prerequisites.h">
			<Option compilerVar="CPP" />
			<Option compile="0" />
			<Option link="0" />
			<Option target="Debug" />
			<Option target="Release" />
		</Unit>
		<Unit filename="..\include\OgreWin32Timer.h">
			<Option compilerVar="CPP" />
			<Option compile="0" />
			<Option link="0" />
			<Option target="Debug" />
			<Option target="Release" />
		</Unit>
		<Unit filename="..\include\resource.h">
			<Option compilerVar="CPP" />
			<Option compile="0" />
			<Option link="0" />
			<Option target="Debug" />
			<Option target="Release" />
		</Unit>
		<Unit filename="..\misc\OgreWin32Platform.def">
			<Option compilerVar="CPP" />
			<Option compile="0" />
			<Option link="0" />
			<Option target="Debug" />
			<Option target="Release" />
		</Unit>
		<Unit filename="..\misc\OgreWin32Resources.rc">
			<Option compilerVar="WINDRES" />
			<Option objectName="misc\OgreWin32Resources.res" />
			<Option target="Debug" />
			<Option target="Release" />
		</Unit>
		<Unit filename="..\misc\ogre.ico">
			<Option compilerVar="CPP" />
			<Option compile="0" />
			<Option link="0" />
			<Option target="Debug" />
			<Option target="Release" />
		</Unit>
		<Unit filename="..\misc\ogrelogo.bmp">
			<Option compilerVar="CPP" />
			<Option compile="0" />
			<Option link="0" />
			<Option target="Debug" />
			<Option target="Release" />
		</Unit>
		<Unit filename="..\src\OgreWin32ConfigDialog.cpp">
			<Option compilerVar="CPP" />
			<Option target="Debug" />
			<Option target="Release" />
		</Unit>
		<Unit filename="..\src\OgreWin32ErrorDialog.cpp">
			<Option compilerVar="CPP" />
			<Option target="Debug" />
			<Option target="Release" />
		</Unit>
		<Unit filename="..\src\OgreWin32Input.cpp">
			<Option compilerVar="CPP" />
			<Option target="Debug" />
			<Option target="Release" />
		</Unit>
		<Unit filename="..\src\OgreWin32Input8.cpp">
			<Option compilerVar="CPP" />
			<Option target="Debug" />
			<Option target="Release" />
		</Unit>
		<Unit filename="..\src\OgreWin32PlatformDll.cpp">
			<Option compilerVar="CPP" />
			<Option target="Debug" />
			<Option target="Release" />
		</Unit>
		<Unit filename="..\src\OgreWin32Timer.cpp">
			<Option compilerVar="CPP" />
			<Option target="Debug" />
			<Option target="Release" />
		</Unit>
	</Project>
</CodeBlocks_project_file>