<?xml version="1.0" encoding="UTF-8" standalone="yes" ?>
<CodeBlocks_project_file>
	<FileVersion major="1" minor="3" />
	<Project>
		<Option title="PlatformManager_Win32" />
		<Option pch_mode="0" />
		<Option default_target="-1" />
		<Option compiler="gcc" />
		<Build>
			<Target title="Debug">
				<Option output="..\bin\Debug\PlatformManager_Win32.dll" />
				<Option object_output="..\obj\Debug" />
				<Option type="3" />
				<Option compiler="gcc" />
				<Option includeInTargetAll="1" />
				<Option createStaticLib="1" />
				<Compiler>
					<Add option="-W" />
					<Add option="-g" />
					<Add option="-DWIN32" />
					<Add option="-D_DEBUG" />
					<Add option="-D_WINDOWS" />
					<Add option="-D_USRDLL" />
					<Add option="-DPLATFORMMANAGER_WIN32_EXPORTS" />
					<Add directory="..\include" />
					<Add directory="..\..\..\OgreMain\include" />
					<Add directory="..\misc" />
					<Add directory="..\..\..\Dependencies\include" />
				</Compiler>
				<ResourceCompiler>
					<Add directory="..\misc" />
					<Add directory="..\include" />
				</ResourceCompiler>
				<Linker>
					<Add library="OgreMain_d" />
					<Add library="dxguid" />
					<Add library="dinput8" />
					<Add library="dinput" />
					<Add directory="..\..\..\OgreMain\lib\Debug" />
					<Add directory="..\..\..\Dependencies\lib\Debug" />
				</Linker>
				<ExtraCommands>
					<Add after="cp ..\bin\Debug\PlatformManager_Win32.dll ..\..\..\Samples\Common\Bin\Debug\OgrePlatform_d.dll" />
				</ExtraCommands>
			</Target>
			<Target title="Release">
				<Option output="..\bin\Release\PlatformManager_Win32.dll" />
				<Option object_output="..\obj\Release" />
				<Option type="3" />
				<Option compiler="gcc" />
				<Option includeInTargetAll="1" />
				<Option createStaticLib="1" />
				<Compiler>
					<Add option="-O3" />
					<Add option="-W" />
					<Add option="-DWIN32" />
					<Add option="-DNDEBUG" />
					<Add option="-D_WINDOWS" />
					<Add option="-D_USRDLL" />
					<Add option="-DPLATFORMMANAGER_WIN32_EXPORTS" />
					<Add directory="..\include" />
					<Add directory="..\..\..\OgreMain\include" />
					<Add directory="..\misc" />
					<Add directory="..\..\..\Dependencies\include" />
				</Compiler>
				<ResourceCompiler>
					<Add directory="..\misc" />
					<Add directory="..\include" />
				</ResourceCompiler>
				<Linker>
					<Add option="-s" />
					<Add library="OgreMain" />
					<Add library="dxguid" />
					<Add library="dinput8" />
					<Add library="dinput" />
					<Add directory="..\..\..\OgreMain\lib\Release" />
					<Add directory="..\..\..\Dependencies\lib\Release" />
				</Linker>
				<ExtraCommands>
					<Add after="cp ..\bin\Release\PlatformManager_Win32.dll ..\..\..\Samples\Common\Bin\Release\OgrePlatform.dll" />
				</ExtraCommands>
			</Target>
		</Build>
		<Linker>
			<Add option="-Wl,--enable-runtime-pseudo-reloc" />
		</Linker>
		<Unit filename="..\include\OgreWin32ConfigDialog.h">
			<Option compilerVar="" />
			<Option compile="0" />
			<Option link="0" />
			<Option target="Debug" />
			<Option target="Release" />
		</Unit>
		<Unit filename="..\include\OgreWin32ErrorDialog.h">
			<Option compilerVar="" />
			<Option compile="0" />
			<Option link="0" />
			<Option target="Debug" />
			<Option target="Release" />
		</Unit>
		<Unit filename="..\include\OgreWin32Input.h">
			<Option compilerVar="" />
			<Option compile="0" />
			<Option link="0" />
			<Option target="Debug" />
			<Option target="Release" />
		</Unit>
		<Unit filename="..\include\OgreWin32Input8.h">
			<Option compilerVar="" />
			<Option compile="0" />
			<Option link="0" />
			<Option target="Debug" />
			<Option target="Release" />
		</Unit>
		<Unit filename="..\include\OgreWin32Prerequisites.h">
			<Option compilerVar="" />
			<Option compile="0" />
			<Option link="0" />
			<Option target="Debug" />
			<Option target="Release" />
		</Unit>
		<Unit filename="..\include\OgreWin32Timer.h">
			<Option compilerVar="" />
			<Option compile="0" />
			<Option link="0" />
			<Option target="Debug" />
			<Option target="Release" />
		</Unit>
		<Unit filename="..\include\resource.h">
			<Option compilerVar="" />
			<Option compile="0" />
			<Option link="0" />
			<Option target="Debug" />
			<Option target="Release" />
		</Unit>
		<Unit filename="..\misc\OgreWin32Platform.def">
			<Option compilerVar="" />
			<Option compile="0" />
			<Option link="0" />
			<Option target="Debug" />
			<Option target="Release" />
		</Unit>
		<Unit filename="..\misc\OgreWin32Resources.rc">
			<Option compilerVar="WINDRES" />
			<Option objectName="misc\OgreWin32Resources.res" />
			<Option target="Debug" />
			<Option target="Release" />
		</Unit>
		<Unit filename="..\misc\ogre.ico">
			<Option compilerVar="" />
			<Option compile="0" />
			<Option link="0" />
			<Option target="Debug" />
			<Option target="Release" />
		</Unit>
		<Unit filename="..\misc\ogrelogo.bmp">
			<Option compilerVar="" />
			<Option compile="0" />
			<Option link="0" />
			<Option target="Debug" />
			<Option target="Release" />
		</Unit>
		<Unit filename="..\misc\winres.h">
			<Option compilerVar="" />
			<Option compile="0" />
			<Option link="0" />
			<Option target="Debug" />
			<Option target="Release" />
		</Unit>
		<Unit filename="..\src\OgreWin32ConfigDialog.cpp">
			<Option compilerVar="CPP" />
			<Option target="Debug" />
			<Option target="Release" />
		</Unit>
		<Unit filename="..\src\OgreWin32ErrorDialog.cpp">
			<Option compilerVar="CPP" />
			<Option target="Debug" />
			<Option target="Release" />
		</Unit>
		<Unit filename="..\src\OgreWin32Input.cpp">
			<Option compilerVar="CPP" />
			<Option target="Debug" />
			<Option target="Release" />
		</Unit>
		<Unit filename="..\src\OgreWin32Input8.cpp">
			<Option compilerVar="CPP" />
			<Option target="Debug" />
			<Option target="Release" />
		</Unit>
		<Unit filename="..\src\OgreWin32PlatformDll.cpp">
			<Option compilerVar="CPP" />
			<Option target="Debug" />
			<Option target="Release" />
		</Unit>
		<Unit filename="..\src\OgreWin32Timer.cpp">
			<Option compilerVar="CPP" />
			<Option target="Debug" />
			<Option target="Release" />
		</Unit>
	</Project>
</CodeBlocks_project_file>