<?xml version="1.0" encoding="UTF-8" standalone="yes" ?>
<CodeBlocks_project_file>
	<FileVersion major="1" minor="3" />
	<Project>
		<Option title="Plugin_ParticleFX" />
		<Option pch_mode="0" />
		<Option default_target="-1" />
		<Option compiler="gcc" />
		<Build>
			<Target title="Debug">
				<Option output="..\bin\Debug\Plugin_ParticleFX.dll" />
				<Option object_output="..\obj\Debug" />
				<Option type="3" />
				<Option compiler="gcc" />
				<Option includeInTargetAll="1" />
				<Option createStaticLib="1" />
				<Compiler>
					<Add option="-W" />
					<Add option="-g" />
					<Add option="-DWIN32" />
					<Add option="-D_DEBUG" />
					<Add option="-D_WINDOWS" />
					<Add option="-D_USRDLL" />
					<Add option="-DPLUGIN_ParticleFX_EXPORTS" />
					<Add directory="..\include" />
					<Add directory="..\..\..\OgreMain\include" />
					<Add directory="..\..\..\Dependencies\include" />
				</Compiler>
				<Linker>
					<Add library="OgreMain_d" />
					<Add directory="..\..\..\OgreMain\lib\Debug" />
					<Add directory="..\..\..\Dependencies\lib\Debug" />
				</Linker>
				<ExtraCommands>
					<Add after="cp ..\bin\Debug\Plugin_ParticleFX.dll ..\..\..\Samples\Common\bin\Debug" />
				</ExtraCommands>
			</Target>
			<Target title="Release">
				<Option output="..\bin\Release\Plugin_ParticleFX.dll" />
				<Option object_output="..\obj\Release" />
				<Option type="3" />
				<Option compiler="gcc" />
				<Option includeInTargetAll="1" />
				<Option createStaticLib="1" />
				<Compiler>
					<Add option="-O3" />
					<Add option="-W" />
					<Add option="-DWIN32" />
					<Add option="-DNDEBUG" />
					<Add option="-D_WINDOWS" />
					<Add option="-D_USRDLL" />
					<Add option="-DPLUGIN_ParticleFX_EXPORTS" />
					<Add directory="..\include" />
					<Add directory="..\..\..\OgreMain\include" />
					<Add directory="..\..\..\Dependencies\include" />
				</Compiler>
				<Linker>
					<Add option="-s" />
					<Add library="OgreMain" />
					<Add directory="..\..\..\OgreMain\lib\Release" />
					<Add directory="..\..\..\Dependencies\lib\Release" />
				</Linker>
				<ExtraCommands>
					<Add after="cp ..\bin\Release\Plugin_ParticleFX.dll ..\..\..\Samples\Common\bin\Release" />
				</ExtraCommands>
			</Target>
		</Build>
		<Linker>
			<Add option="-Wl,--enable-runtime-pseudo-reloc" />
		</Linker>
		<Unit filename="..\include\OgreAreaEmitter.h">
			<Option compilerVar="" />
			<Option compile="0" />
			<Option link="0" />
			<Option target="Debug" />
			<Option target="Release" />
		</Unit>
		<Unit filename="..\include\OgreBoxEmitter.h">
			<Option compilerVar="" />
			<Option compile="0" />
			<Option link="0" />
			<Option target="Debug" />
			<Option target="Release" />
		</Unit>
		<Unit filename="..\include\OgreBoxEmitterFactory.h">
			<Option compilerVar="" />
			<Option compile="0" />
			<Option link="0" />
			<Option target="Debug" />
			<Option target="Release" />
		</Unit>
		<Unit filename="..\include\OgreColourFaderAffector.h">
			<Option compilerVar="" />
			<Option compile="0" />
			<Option link="0" />
			<Option target="Debug" />
			<Option target="Release" />
		</Unit>
		<Unit filename="..\include\OgreColourFaderAffector2.h">
			<Option compilerVar="" />
			<Option compile="0" />
			<Option link="0" />
			<Option target="Debug" />
			<Option target="Release" />
		</Unit>
		<Unit filename="..\include\OgreColourFaderAffectorFactory.h">
			<Option compilerVar="" />
			<Option compile="0" />
			<Option link="0" />
			<Option target="Debug" />
			<Option target="Release" />
		</Unit>
		<Unit filename="..\include\OgreColourFaderAffectorFactory2.h">
			<Option compilerVar="" />
			<Option compile="0" />
			<Option link="0" />
			<Option target="Debug" />
			<Option target="Release" />
		</Unit>
		<Unit filename="..\include\OgreColourImageAffector.h">
			<Option compilerVar="" />
			<Option compile="0" />
			<Option link="0" />
			<Option target="Debug" />
			<Option target="Release" />
		</Unit>
		<Unit filename="..\include\OgreColourImageAffectorFactory.h">
			<Option compilerVar="" />
			<Option compile="0" />
			<Option link="0" />
			<Option target="Debug" />
			<Option target="Release" />
		</Unit>
		<Unit filename="..\include\OgreColourInterpolatorAffector.h">
			<Option compilerVar="" />
			<Option compile="0" />
			<Option link="0" />
			<Option target="Debug" />
			<Option target="Release" />
		</Unit>
		<Unit filename="..\include\OgreCylinderEmitter.h">
			<Option compilerVar="" />
			<Option compile="0" />
			<Option link="0" />
			<Option target="Debug" />
			<Option target="Release" />
		</Unit>
		<Unit filename="..\include\OgreCylinderEmitterFactory.h">
			<Option compilerVar="" />
			<Option compile="0" />
			<Option link="0" />
			<Option target="Debug" />
			<Option target="Release" />
		</Unit>
		<Unit filename="..\include\OgreDeflectorPlaneAffector.h">
			<Option compilerVar="" />
			<Option compile="0" />
			<Option link="0" />
			<Option target="Debug" />
			<Option target="Release" />
		</Unit>
		<Unit filename="..\include\OgreDeflectorPlaneAffectorFactory.h">
			<Option compilerVar="" />
			<Option compile="0" />
			<Option link="0" />
			<Option target="Debug" />
			<Option target="Release" />
		</Unit>
		<Unit filename="..\include\OgreDirectionRandomiserAffector.h">
			<Option compilerVar="" />
			<Option compile="0" />
			<Option link="0" />
			<Option target="Debug" />
			<Option target="Release" />
		</Unit>
		<Unit filename="..\include\OgreDirectionRandomiserAffectorFactory.h">
			<Option compilerVar="" />
			<Option compile="0" />
			<Option link="0" />
			<Option target="Debug" />
			<Option target="Release" />
		</Unit>
		<Unit filename="..\include\OgreEllipsoidEmitter.h">
			<Option compilerVar="" />
			<Option compile="0" />
			<Option link="0" />
			<Option target="Debug" />
			<Option target="Release" />
		</Unit>
		<Unit filename="..\include\OgreEllipsoidEmitterFactory.h">
			<Option compilerVar="" />
			<Option compile="0" />
			<Option link="0" />
			<Option target="Debug" />
			<Option target="Release" />
		</Unit>
		<Unit filename="..\include\OgreHollowEllipsoidEmitter.h">
			<Option compilerVar="" />
			<Option compile="0" />
			<Option link="0" />
			<Option target="Debug" />
			<Option target="Release" />
		</Unit>
		<Unit filename="..\include\OgreHollowEllipsoidEmitterFactory.h">
			<Option compilerVar="" />
			<Option compile="0" />
			<Option link="0" />
			<Option target="Debug" />
			<Option target="Release" />
		</Unit>
		<Unit filename="..\include\OgreLinearForceAffector.h">
			<Option compilerVar="" />
			<Option compile="0" />
			<Option link="0" />
			<Option target="Debug" />
			<Option target="Release" />
		</Unit>
		<Unit filename="..\include\OgreLinearForceAffectorFactory.h">
			<Option compilerVar="" />
			<Option compile="0" />
			<Option link="0" />
			<Option target="Debug" />
			<Option target="Release" />
		</Unit>
		<Unit filename="..\include\OgreParticleFXPrerequisites.h">
			<Option compilerVar="" />
			<Option compile="0" />
			<Option link="0" />
			<Option target="Debug" />
			<Option target="Release" />
		</Unit>
		<Unit filename="..\include\OgrePointEmitter.h">
			<Option compilerVar="" />
			<Option compile="0" />
			<Option link="0" />
			<Option target="Debug" />
			<Option target="Release" />
		</Unit>
		<Unit filename="..\include\OgrePointEmitterFactory.h">
			<Option compilerVar="" />
			<Option compile="0" />
			<Option link="0" />
			<Option target="Debug" />
			<Option target="Release" />
		</Unit>
		<Unit filename="..\include\OgreRingEmitter.h">
			<Option compilerVar="" />
			<Option compile="0" />
			<Option link="0" />
			<Option target="Debug" />
			<Option target="Release" />
		</Unit>
		<Unit filename="..\include\OgreRingEmitterFactory.h">
			<Option compilerVar="" />
			<Option compile="0" />
			<Option link="0" />
			<Option target="Debug" />
			<Option target="Release" />
		</Unit>
		<Unit filename="..\include\OgreRotationAffector.h">
			<Option compilerVar="" />
			<Option compile="0" />
			<Option link="0" />
			<Option target="Debug" />
			<Option target="Release" />
		</Unit>
		<Unit filename="..\include\OgreRotationAffectorFactory.h">
			<Option compilerVar="" />
			<Option compile="0" />
			<Option link="0" />
			<Option target="Debug" />
			<Option target="Release" />
		</Unit>
		<Unit filename="..\include\OgreScaleAffector.h">
			<Option compilerVar="" />
			<Option compile="0" />
			<Option link="0" />
			<Option target="Debug" />
			<Option target="Release" />
		</Unit>
		<Unit filename="..\include\OgreScaleAffectorFactory.h">
			<Option compilerVar="" />
			<Option compile="0" />
			<Option link="0" />
			<Option target="Debug" />
			<Option target="Release" />
		</Unit>
		<Unit filename="..\misc\OgreParticleFXDll.def">
			<Option compilerVar="" />
			<Option compile="0" />
			<Option link="0" />
			<Option target="Debug" />
			<Option target="Release" />
		</Unit>
		<Unit filename="..\src\OgreAreaEmitter.cpp">
			<Option compilerVar="CPP" />
			<Option target="Debug" />
			<Option target="Release" />
		</Unit>
		<Unit filename="..\src\OgreBoxEmitter.cpp">
			<Option compilerVar="CPP" />
			<Option target="Debug" />
			<Option target="Release" />
		</Unit>
		<Unit filename="..\src\OgreColourFaderAffector.cpp">
			<Option compilerVar="CPP" />
			<Option target="Debug" />
			<Option target="Release" />
		</Unit>
		<Unit filename="..\src\OgreColourFaderAffector2.cpp">
			<Option compilerVar="CPP" />
			<Option target="Debug" />
			<Option target="Release" />
		</Unit>
		<Unit filename="..\src\OgreColourImageAffector.cpp">
			<Option compilerVar="CPP" />
			<Option target="Debug" />
			<Option target="Release" />
		</Unit>
		<Unit filename="..\src\OgreColourInterpolatorAffector.cpp">
			<Option compilerVar="CPP" />
			<Option target="Debug" />
			<Option target="Release" />
		</Unit>
		<Unit filename="..\src\OgreCylinderEmitter.cpp">
			<Option compilerVar="CPP" />
			<Option target="Debug" />
			<Option target="Release" />
		</Unit>
		<Unit filename="..\src\OgreDeflectorPlaneAffector.cpp">
			<Option compilerVar="CPP" />
			<Option target="Debug" />
			<Option target="Release" />
		</Unit>
		<Unit filename="..\src\OgreDirectionRandomiserAffector.cpp">
			<Option compilerVar="CPP" />
			<Option target="Debug" />
			<Option target="Release" />
		</Unit>
		<Unit filename="..\src\OgreEllipsoidEmitter.cpp">
			<Option compilerVar="CPP" />
			<Option target="Debug" />
			<Option target="Release" />
		</Unit>
		<Unit filename="..\src\OgreHollowEllipsoidEmitter.cpp">
			<Option compilerVar="CPP" />
			<Option target="Debug" />
			<Option target="Release" />
		</Unit>
		<Unit filename="..\src\OgreLinearForceAffector.cpp">
			<Option compilerVar="CPP" />
			<Option target="Debug" />
			<Option target="Release" />
		</Unit>
		<Unit filename="..\src\OgreParticleFX.cpp">
			<Option compilerVar="CPP" />
			<Option target="Debug" />
			<Option target="Release" />
		</Unit>
		<Unit filename="..\src\OgrePointEmitter.cpp">
			<Option compilerVar="CPP" />
			<Option target="Debug" />
			<Option target="Release" />
		</Unit>
		<Unit filename="..\src\OgreRingEmitter.cpp">
			<Option compilerVar="CPP" />
			<Option target="Debug" />
			<Option target="Release" />
		</Unit>
		<Unit filename="..\src\OgreRotationAffector.cpp">
			<Option compilerVar="CPP" />
			<Option target="Debug" />
			<Option target="Release" />
		</Unit>
		<Unit filename="..\src\OgreScaleAffector.cpp">
			<Option compilerVar="CPP" />
			<Option target="Debug" />
			<Option target="Release" />
		</Unit>
	</Project>
</CodeBlocks_project_file>