<?xml version="1.0" encoding="UTF-8" standalone="yes" ?>
<CodeBlocks_project_file>
	<FileVersion major="1" minor="3" />
	<Project>
		<Option title="Demo_FacialAnimation" />
		<Option pch_mode="0" />
		<Option compiler="gcc" />
		<Build>
			<Target title="Debug">
				<Option output="..\bin\Debug\Demo_FacialAnimation.exe" />
				<Option working_dir="..\..\Common\bin\Debug\" />
				<Option object_output="..\obj\Debug" />
				<Option type="1" />
				<Option compiler="gcc" />
				<Option includeInTargetAll="1" />
				<Option projectResourceIncludeDirsRelation="1" />
				<Compiler>
					<Add option="-W" />
					<Add option="-g" />
					<Add option="-DWIN32" />
					<Add option="-D_DEBUG" />
					<Add option="-D_WINDOWS" />
					<Add directory="..\include" />
					<Add directory="..\..\Common\include" />
					<Add directory="..\..\..\OgreMain\include" />
					<Add directory="..\..\..\Dependencies\include" />
					<Add directory="..\..\..\Dependencies\include\CEGUI" />
					<Add directory="..\..\Common\CEGUIRenderer\include" />
				</Compiler>
				<Linker>
					<Add library="OgreMain_d" />
					<Add library="CEGUIBase" />
					<Add library="OgreGUIRenderer_d" />
					<Add directory="..\..\..\OgreMain\lib\Debug" />
					<Add directory="..\..\..\Dependencies\lib\Debug" />
					<Add directory="..\..\Common\CEGUIRenderer\bin\debug" />
				</Linker>
				<ExtraCommands>
					<Add after="cp ..\bin\Debug\Demo_FacialAnimation.exe ..\..\Common\Bin\Debug" />
				</ExtraCommands>
			</Target>
			<Target title="Release">
				<Option output="..\bin\Release\Demo_FacialAnimation.exe" />
				<Option working_dir="..\..\Common\bin\Release\" />
				<Option object_output="..\obj\Release" />
				<Option type="1" />
				<Option compiler="gcc" />
				<Option includeInTargetAll="1" />
				<Option projectResourceIncludeDirsRelation="1" />
				<Compiler>
					<Add option="-O3" />
					<Add option="-W" />
					<Add option="-DWIN32" />
					<Add option="-DNDEBUG" />
					<Add option="-D_WINDOWS" />
					<Add directory="..\include" />
					<Add directory="..\..\Common\include" />
					<Add directory="..\..\..\OgreMain\include" />
					<Add directory="..\..\..\Dependencies\include" />
					<Add directory="..\..\..\Dependencies\include\CEGUI" />
					<Add directory="..\..\Common\CEGUIRenderer\include" />
				</Compiler>
				<Linker>
					<Add option="-s" />
					<Add library="OgreMain" />
					<Add library="CEGUIBase" />
					<Add library="OgreGUIRenderer" />
					<Add directory="..\..\..\OgreMain\lib\Release" />
					<Add directory="..\..\..\Dependencies\lib\Release" />
					<Add directory="..\..\Common\CEGUIRenderer\bin\release" />
				</Linker>
				<ExtraCommands>
					<Add after="cp ..\bin\Release\Demo_FacialAnimation.exe ..\..\Common\Bin\Release" />
				</ExtraCommands>
			</Target>
		</Build>
		<Compiler>
			<Add directory="..\..\..\Dependencies\include" />
		</Compiler>
		<Linker>
			<Add option="-Wl,--enable-runtime-pseudo-reloc" />
		</Linker>
		<Unit filename="..\src\FacialAnimation.cpp">
			<Option compilerVar="CPP" />
			<Option target="Debug" />
			<Option target="Release" />
		</Unit>
	</Project>
</CodeBlocks_project_file>